// !$*UTF8*$!
{
	archiveVersion = 1;
	classes = {
	};
	objectVersion = 56;
	objects = {

/* Begin PBXBuildFile section */
		843D70222C6EAD0300740E7D /* DictionaryExtension.swift in Sources */ = {isa = PBXBuildFile; fileRef = 843D70202C6EAD0300740E7D /* DictionaryExtension.swift */; };
		843D70262C6EBA8400740E7D /* RMCharactersServicesProvider.swift in Sources */ = {isa = PBXBuildFile; fileRef = 843D70252C6EBA8400740E7D /* RMCharactersServicesProvider.swift */; };
		8470BCB42C6D2B7D0042609A /* AppDelegate.swift in Sources */ = {isa = PBXBuildFile; fileRef = 8470BCB32C6D2B7D0042609A /* AppDelegate.swift */; };
		8470BCB82C6D2B7E0042609A /* ViewController.swift in Sources */ = {isa = PBXBuildFile; fileRef = 8470BCB72C6D2B7E0042609A /* ViewController.swift */; };
		8470BCBB2C6D2B7E0042609A /* Base in Resources */ = {isa = PBXBuildFile; fileRef = 8470BCBA2C6D2B7E0042609A /* Base */; };
		8470BCBD2C6D2B7F0042609A /* Assets.xcassets in Resources */ = {isa = PBXBuildFile; fileRef = 8470BCBC2C6D2B7F0042609A /* Assets.xcassets */; };
		8470BCC02C6D2B7F0042609A /* Base in Resources */ = {isa = PBXBuildFile; fileRef = 8470BCBF2C6D2B7F0042609A /* Base */; };
		8470BCCB2C6D2B7F0042609A /* PickleRickTests.swift in Sources */ = {isa = PBXBuildFile; fileRef = 8470BCCA2C6D2B7F0042609A /* PickleRickTests.swift */; };
		8470BCD52C6D2B7F0042609A /* PickleRickUITests.swift in Sources */ = {isa = PBXBuildFile; fileRef = 8470BCD42C6D2B7F0042609A /* PickleRickUITests.swift */; };
		8470BCD72C6D2B7F0042609A /* PickleRickUITestsLaunchTests.swift in Sources */ = {isa = PBXBuildFile; fileRef = 8470BCD62C6D2B7F0042609A /* PickleRickUITestsLaunchTests.swift */; };
		8470BCE82C6D33450042609A /* Alamofire in Frameworks */ = {isa = PBXBuildFile; productRef = 8470BCE72C6D33450042609A /* Alamofire */; };
		8470BCEA2C6D33450042609A /* AlamofireDynamic in Frameworks */ = {isa = PBXBuildFile; productRef = 8470BCE92C6D33450042609A /* AlamofireDynamic */; };
		8470BCF42C6D37570042609A /* ApiRouterContract.swift in Sources */ = {isa = PBXBuildFile; fileRef = 8470BCEC2C6D37570042609A /* ApiRouterContract.swift */; };
		8470BCF52C6D37570042609A /* ApiConstants.swift in Sources */ = {isa = PBXBuildFile; fileRef = 8470BCEE2C6D37570042609A /* ApiConstants.swift */; };
		8470BCF62C6D37570042609A /* ApiException.swift in Sources */ = {isa = PBXBuildFile; fileRef = 8470BCEF2C6D37570042609A /* ApiException.swift */; };
		8470BCF72C6D37570042609A /* ApiStatusCode.swift in Sources */ = {isa = PBXBuildFile; fileRef = 8470BCF02C6D37570042609A /* ApiStatusCode.swift */; };
		8470BCF82C6D37570042609A /* ApiClient.swift in Sources */ = {isa = PBXBuildFile; fileRef = 8470BCF22C6D37570042609A /* ApiClient.swift */; };
		8470BCFB2C6D4C240042609A /* Bindable.swift in Sources */ = {isa = PBXBuildFile; fileRef = 8470BCF92C6D4C240042609A /* Bindable.swift */; };
		84872D352C6E18640064DAC1 /* RMCharactersApiRouter.swift in Sources */ = {isa = PBXBuildFile; fileRef = 84872D342C6E18640064DAC1 /* RMCharactersApiRouter.swift */; };
		84872D382C6E42690064DAC1 /* RMCharacterDataMapper.swift in Sources */ = {isa = PBXBuildFile; fileRef = 84872D372C6E42690064DAC1 /* RMCharacterDataMapper.swift */; };
		84AF0E142C6DDEDC002EC111 /* RMCharacter.swift in Sources */ = {isa = PBXBuildFile; fileRef = 84AF0E132C6DDEDC002EC111 /* RMCharacter.swift */; };
		84AF0E192C6DE2B5002EC111 /* RMCharactersServicesContract.swift in Sources */ = {isa = PBXBuildFile; fileRef = 84AF0E182C6DE2B5002EC111 /* RMCharactersServicesContract.swift */; };
		84AF0E1C2C6DE56E002EC111 /* RMCharactersServices.swift in Sources */ = {isa = PBXBuildFile; fileRef = 84AF0E1B2C6DE56E002EC111 /* RMCharactersServices.swift */; };
/* End PBXBuildFile section */

/* Begin PBXContainerItemProxy section */
		8470BCC72C6D2B7F0042609A /* PBXContainerItemProxy */ = {
			isa = PBXContainerItemProxy;
			containerPortal = 8470BCA82C6D2B7D0042609A /* Project object */;
			proxyType = 1;
			remoteGlobalIDString = 8470BCAF2C6D2B7D0042609A;
			remoteInfo = PickleRick;
		};
		8470BCD12C6D2B7F0042609A /* PBXContainerItemProxy */ = {
			isa = PBXContainerItemProxy;
			containerPortal = 8470BCA82C6D2B7D0042609A /* Project object */;
			proxyType = 1;
			remoteGlobalIDString = 8470BCAF2C6D2B7D0042609A;
			remoteInfo = PickleRick;
		};
/* End PBXContainerItemProxy section */

/* Begin PBXFileReference section */
		843D70202C6EAD0300740E7D /* DictionaryExtension.swift */ = {isa = PBXFileReference; fileEncoding = 4; lastKnownFileType = sourcecode.swift; path = DictionaryExtension.swift; sourceTree = "<group>"; };
		843D70252C6EBA8400740E7D /* RMCharactersServicesProvider.swift */ = {isa = PBXFileReference; lastKnownFileType = sourcecode.swift; path = RMCharactersServicesProvider.swift; sourceTree = "<group>"; };
		8470BCB02C6D2B7D0042609A /* PickleRick.app */ = {isa = PBXFileReference; explicitFileType = wrapper.application; includeInIndex = 0; path = PickleRick.app; sourceTree = BUILT_PRODUCTS_DIR; };
		8470BCB32C6D2B7D0042609A /* AppDelegate.swift */ = {isa = PBXFileReference; lastKnownFileType = sourcecode.swift; path = AppDelegate.swift; sourceTree = "<group>"; };
		8470BCB72C6D2B7E0042609A /* ViewController.swift */ = {isa = PBXFileReference; lastKnownFileType = sourcecode.swift; path = ViewController.swift; sourceTree = "<group>"; };
		8470BCBA2C6D2B7E0042609A /* Base */ = {isa = PBXFileReference; lastKnownFileType = file.storyboard; name = Base; path = Base.lproj/Main.storyboard; sourceTree = "<group>"; };
		8470BCBC2C6D2B7F0042609A /* Assets.xcassets */ = {isa = PBXFileReference; lastKnownFileType = folder.assetcatalog; path = Assets.xcassets; sourceTree = "<group>"; };
		8470BCBF2C6D2B7F0042609A /* Base */ = {isa = PBXFileReference; lastKnownFileType = file.storyboard; name = Base; path = Base.lproj/LaunchScreen.storyboard; sourceTree = "<group>"; };
		8470BCC12C6D2B7F0042609A /* Info.plist */ = {isa = PBXFileReference; lastKnownFileType = text.plist.xml; path = Info.plist; sourceTree = "<group>"; };
		8470BCC62C6D2B7F0042609A /* PickleRickTests.xctest */ = {isa = PBXFileReference; explicitFileType = wrapper.cfbundle; includeInIndex = 0; path = PickleRickTests.xctest; sourceTree = BUILT_PRODUCTS_DIR; };
		8470BCCA2C6D2B7F0042609A /* PickleRickTests.swift */ = {isa = PBXFileReference; lastKnownFileType = sourcecode.swift; path = PickleRickTests.swift; sourceTree = "<group>"; };
		8470BCD02C6D2B7F0042609A /* PickleRickUITests.xctest */ = {isa = PBXFileReference; explicitFileType = wrapper.cfbundle; includeInIndex = 0; path = PickleRickUITests.xctest; sourceTree = BUILT_PRODUCTS_DIR; };
		8470BCD42C6D2B7F0042609A /* PickleRickUITests.swift */ = {isa = PBXFileReference; lastKnownFileType = sourcecode.swift; path = PickleRickUITests.swift; sourceTree = "<group>"; };
		8470BCD62C6D2B7F0042609A /* PickleRickUITestsLaunchTests.swift */ = {isa = PBXFileReference; lastKnownFileType = sourcecode.swift; path = PickleRickUITestsLaunchTests.swift; sourceTree = "<group>"; };
		8470BCEC2C6D37570042609A /* ApiRouterContract.swift */ = {isa = PBXFileReference; fileEncoding = 4; lastKnownFileType = sourcecode.swift; path = ApiRouterContract.swift; sourceTree = "<group>"; };
		8470BCEE2C6D37570042609A /* ApiConstants.swift */ = {isa = PBXFileReference; fileEncoding = 4; lastKnownFileType = sourcecode.swift; path = ApiConstants.swift; sourceTree = "<group>"; };
		8470BCEF2C6D37570042609A /* ApiException.swift */ = {isa = PBXFileReference; fileEncoding = 4; lastKnownFileType = sourcecode.swift; path = ApiException.swift; sourceTree = "<group>"; };
		8470BCF02C6D37570042609A /* ApiStatusCode.swift */ = {isa = PBXFileReference; fileEncoding = 4; lastKnownFileType = sourcecode.swift; path = ApiStatusCode.swift; sourceTree = "<group>"; };
		8470BCF22C6D37570042609A /* ApiClient.swift */ = {isa = PBXFileReference; fileEncoding = 4; lastKnownFileType = sourcecode.swift; path = ApiClient.swift; sourceTree = "<group>"; };
		8470BCF92C6D4C240042609A /* Bindable.swift */ = {isa = PBXFileReference; fileEncoding = 4; lastKnownFileType = sourcecode.swift; path = Bindable.swift; sourceTree = "<group>"; };
		84872D342C6E18640064DAC1 /* RMCharactersApiRouter.swift */ = {isa = PBXFileReference; lastKnownFileType = sourcecode.swift; path = RMCharactersApiRouter.swift; sourceTree = "<group>"; };
		84872D372C6E42690064DAC1 /* RMCharacterDataMapper.swift */ = {isa = PBXFileReference; lastKnownFileType = sourcecode.swift; path = RMCharacterDataMapper.swift; sourceTree = "<group>"; };
		84AF0E132C6DDEDC002EC111 /* RMCharacter.swift */ = {isa = PBXFileReference; lastKnownFileType = sourcecode.swift; path = RMCharacter.swift; sourceTree = "<group>"; };
		84AF0E182C6DE2B5002EC111 /* RMCharactersServicesContract.swift */ = {isa = PBXFileReference; lastKnownFileType = sourcecode.swift; path = RMCharactersServicesContract.swift; sourceTree = "<group>"; };
		84AF0E1B2C6DE56E002EC111 /* RMCharactersServices.swift */ = {isa = PBXFileReference; lastKnownFileType = sourcecode.swift; path = RMCharactersServices.swift; sourceTree = "<group>"; };
/* End PBXFileReference section */

/* Begin PBXFrameworksBuildPhase section */
		8470BCAD2C6D2B7D0042609A /* Frameworks */ = {
			isa = PBXFrameworksBuildPhase;
			buildActionMask = 2147483647;
			files = (
				8470BCE82C6D33450042609A /* Alamofire in Frameworks */,
				8470BCEA2C6D33450042609A /* AlamofireDynamic in Frameworks */,
			);
			runOnlyForDeploymentPostprocessing = 0;
		};
		8470BCC32C6D2B7F0042609A /* Frameworks */ = {
			isa = PBXFrameworksBuildPhase;
			buildActionMask = 2147483647;
			files = (
			);
			runOnlyForDeploymentPostprocessing = 0;
		};
		8470BCCD2C6D2B7F0042609A /* Frameworks */ = {
			isa = PBXFrameworksBuildPhase;
			buildActionMask = 2147483647;
			files = (
			);
			runOnlyForDeploymentPostprocessing = 0;
		};
/* End PBXFrameworksBuildPhase section */

/* Begin PBXGroup section */
		843D70212C6EAD0300740E7D /* Extensions */ = {
			isa = PBXGroup;
			children = (
				843D70202C6EAD0300740E7D /* DictionaryExtension.swift */,
			);
			path = Extensions;
			sourceTree = "<group>";
		};
		843D70232C6EBA1C00740E7D /* Dependencies */ = {
			isa = PBXGroup;
			children = (
				843D70242C6EBA4100740E7D /* Services Providers */,
			);
			path = Dependencies;
			sourceTree = "<group>";
		};
		843D70242C6EBA4100740E7D /* Services Providers */ = {
			isa = PBXGroup;
			children = (
				843D70252C6EBA8400740E7D /* RMCharactersServicesProvider.swift */,
			);
			path = "Services Providers";
			sourceTree = "<group>";
		};
		8470BCA72C6D2B7D0042609A = {
			isa = PBXGroup;
			children = (
				8470BCB22C6D2B7D0042609A /* PickleRick */,
				8470BCC92C6D2B7F0042609A /* PickleRickTests */,
				8470BCD32C6D2B7F0042609A /* PickleRickUITests */,
				8470BCB12C6D2B7D0042609A /* Products */,
			);
			sourceTree = "<group>";
		};
		8470BCB12C6D2B7D0042609A /* Products */ = {
			isa = PBXGroup;
			children = (
				8470BCB02C6D2B7D0042609A /* PickleRick.app */,
				8470BCC62C6D2B7F0042609A /* PickleRickTests.xctest */,
				8470BCD02C6D2B7F0042609A /* PickleRickUITests.xctest */,
			);
			name = Products;
			sourceTree = "<group>";
		};
		8470BCB22C6D2B7D0042609A /* PickleRick */ = {
			isa = PBXGroup;
			children = (
				8470BCEB2C6D36C80042609A /* Common */,
				84AF0E0F2C6DDAF6002EC111 /* Features */,
				8470BCE32C6D2C850042609A /* Main */,
				8470BCE42C6D2F0C0042609A /* Storyboards */,
				8470BCB72C6D2B7E0042609A /* ViewController.swift */,
			);
			path = PickleRick;
			sourceTree = "<group>";
		};
		8470BCC92C6D2B7F0042609A /* PickleRickTests */ = {
			isa = PBXGroup;
			children = (
				8470BCCA2C6D2B7F0042609A /* PickleRickTests.swift */,
			);
			path = PickleRickTests;
			sourceTree = "<group>";
		};
		8470BCD32C6D2B7F0042609A /* PickleRickUITests */ = {
			isa = PBXGroup;
			children = (
				8470BCD42C6D2B7F0042609A /* PickleRickUITests.swift */,
				8470BCD62C6D2B7F0042609A /* PickleRickUITestsLaunchTests.swift */,
			);
			path = PickleRickUITests;
			sourceTree = "<group>";
		};
		8470BCE32C6D2C850042609A /* Main */ = {
			isa = PBXGroup;
			children = (
				8470BCB32C6D2B7D0042609A /* AppDelegate.swift */,
				8470BCBC2C6D2B7F0042609A /* Assets.xcassets */,
				8470BCC12C6D2B7F0042609A /* Info.plist */,
			);
			path = Main;
			sourceTree = "<group>";
		};
		8470BCE42C6D2F0C0042609A /* Storyboards */ = {
			isa = PBXGroup;
			children = (
				8470BCBE2C6D2B7F0042609A /* LaunchScreen.storyboard */,
				8470BCB92C6D2B7E0042609A /* Main.storyboard */,
			);
			path = Storyboards;
			sourceTree = "<group>";
		};
		8470BCEB2C6D36C80042609A /* Common */ = {
			isa = PBXGroup;
			children = (
				8470BCF32C6D37570042609A /* Api */,
				8470BCFA2C6D4C240042609A /* Bindable */,
				843D70212C6EAD0300740E7D /* Extensions */,
			);
			path = Common;
			sourceTree = "<group>";
		};
		8470BCED2C6D37570042609A /* Contracts */ = {
			isa = PBXGroup;
			children = (
				8470BCEC2C6D37570042609A /* ApiRouterContract.swift */,
			);
			path = Contracts;
			sourceTree = "<group>";
		};
		8470BCF12C6D37570042609A /* Helpers */ = {
			isa = PBXGroup;
			children = (
				8470BCEE2C6D37570042609A /* ApiConstants.swift */,
				8470BCEF2C6D37570042609A /* ApiException.swift */,
				8470BCF02C6D37570042609A /* ApiStatusCode.swift */,
			);
			path = Helpers;
			sourceTree = "<group>";
		};
		8470BCF32C6D37570042609A /* Api */ = {
			isa = PBXGroup;
			children = (
				8470BCF22C6D37570042609A /* ApiClient.swift */,
				8470BCED2C6D37570042609A /* Contracts */,
				8470BCF12C6D37570042609A /* Helpers */,
			);
			path = Api;
			sourceTree = "<group>";
		};
		8470BCFA2C6D4C240042609A /* Bindable */ = {
			isa = PBXGroup;
			children = (
				8470BCF92C6D4C240042609A /* Bindable.swift */,
			);
			path = Bindable;
			sourceTree = "<group>";
		};
		84872D362C6E41B50064DAC1 /* Mappers */ = {
			isa = PBXGroup;
			children = (
				84872D372C6E42690064DAC1 /* RMCharacterDataMapper.swift */,
			);
			path = Mappers;
			sourceTree = "<group>";
		};
		84AF0E0F2C6DDAF6002EC111 /* Features */ = {
			isa = PBXGroup;
			children = (
				84AF0E102C6DDB32002EC111 /* List Characters */,
			);
			path = Features;
			sourceTree = "<group>";
		};
		84AF0E102C6DDB32002EC111 /* List Characters */ = {
			isa = PBXGroup;
			children = (
				84AF0E152C6DE12D002EC111 /* Data */,
				843D70232C6EBA1C00740E7D /* Dependencies */,
				84AF0E112C6DDB7A002EC111 /* Domain */,
			);
			path = "List Characters";
			sourceTree = "<group>";
		};
		84AF0E112C6DDB7A002EC111 /* Domain */ = {
			isa = PBXGroup;
			children = (
				84AF0E162C6DE165002EC111 /* Contracts */,
				84AF0E122C6DDBC5002EC111 /* Entities */,
			);
			path = Domain;
			sourceTree = "<group>";
		};
		84AF0E122C6DDBC5002EC111 /* Entities */ = {
			isa = PBXGroup;
			children = (
				84AF0E132C6DDEDC002EC111 /* RMCharacter.swift */,
			);
			path = Entities;
			sourceTree = "<group>";
		};
		84AF0E152C6DE12D002EC111 /* Data */ = {
			isa = PBXGroup;
			children = (
				84872D362C6E41B50064DAC1 /* Mappers */,
				84AF0E1A2C6DE557002EC111 /* Services */,
			);
			path = Data;
			sourceTree = "<group>";
		};
		84AF0E162C6DE165002EC111 /* Contracts */ = {
			isa = PBXGroup;
			children = (
				84AF0E172C6DE21A002EC111 /* Services Contracts */,
			);
			path = Contracts;
			sourceTree = "<group>";
		};
		84AF0E172C6DE21A002EC111 /* Services Contracts */ = {
			isa = PBXGroup;
			children = (
				84AF0E182C6DE2B5002EC111 /* RMCharactersServicesContract.swift */,
			);
			path = "Services Contracts";
			sourceTree = "<group>";
		};
		84AF0E1A2C6DE557002EC111 /* Services */ = {
			isa = PBXGroup;
			children = (
				84872D342C6E18640064DAC1 /* RMCharactersApiRouter.swift */,
				84AF0E1B2C6DE56E002EC111 /* RMCharactersServices.swift */,
			);
			path = Services;
			sourceTree = "<group>";
		};
/* End PBXGroup section */

/* Begin PBXNativeTarget section */
		8470BCAF2C6D2B7D0042609A /* PickleRick */ = {
			isa = PBXNativeTarget;
			buildConfigurationList = 8470BCDA2C6D2B7F0042609A /* Build configuration list for PBXNativeTarget "PickleRick" */;
			buildPhases = (
				8470BCAC2C6D2B7D0042609A /* Sources */,
				8470BCAD2C6D2B7D0042609A /* Frameworks */,
				8470BCAE2C6D2B7D0042609A /* Resources */,
			);
			buildRules = (
			);
			dependencies = (
			);
			name = PickleRick;
			packageProductDependencies = (
				8470BCE72C6D33450042609A /* Alamofire */,
				8470BCE92C6D33450042609A /* AlamofireDynamic */,
			);
			productName = PickleRick;
			productReference = 8470BCB02C6D2B7D0042609A /* PickleRick.app */;
			productType = "com.apple.product-type.application";
		};
		8470BCC52C6D2B7F0042609A /* PickleRickTests */ = {
			isa = PBXNativeTarget;
			buildConfigurationList = 8470BCDD2C6D2B7F0042609A /* Build configuration list for PBXNativeTarget "PickleRickTests" */;
			buildPhases = (
				8470BCC22C6D2B7F0042609A /* Sources */,
				8470BCC32C6D2B7F0042609A /* Frameworks */,
				8470BCC42C6D2B7F0042609A /* Resources */,
			);
			buildRules = (
			);
			dependencies = (
				8470BCC82C6D2B7F0042609A /* PBXTargetDependency */,
			);
			name = PickleRickTests;
			productName = PickleRickTests;
			productReference = 8470BCC62C6D2B7F0042609A /* PickleRickTests.xctest */;
			productType = "com.apple.product-type.bundle.unit-test";
		};
		8470BCCF2C6D2B7F0042609A /* PickleRickUITests */ = {
			isa = PBXNativeTarget;
			buildConfigurationList = 8470BCE02C6D2B7F0042609A /* Build configuration list for PBXNativeTarget "PickleRickUITests" */;
			buildPhases = (
				8470BCCC2C6D2B7F0042609A /* Sources */,
				8470BCCD2C6D2B7F0042609A /* Frameworks */,
				8470BCCE2C6D2B7F0042609A /* Resources */,
			);
			buildRules = (
			);
			dependencies = (
				8470BCD22C6D2B7F0042609A /* PBXTargetDependency */,
			);
			name = PickleRickUITests;
			productName = PickleRickUITests;
			productReference = 8470BCD02C6D2B7F0042609A /* PickleRickUITests.xctest */;
			productType = "com.apple.product-type.bundle.ui-testing";
		};
/* End PBXNativeTarget section */

/* Begin PBXProject section */
		8470BCA82C6D2B7D0042609A /* Project object */ = {
			isa = PBXProject;
			attributes = {
				BuildIndependentTargetsInParallel = 1;
				LastSwiftUpdateCheck = 1530;
				LastUpgradeCheck = 1530;
				TargetAttributes = {
					8470BCAF2C6D2B7D0042609A = {
						CreatedOnToolsVersion = 15.3;
					};
					8470BCC52C6D2B7F0042609A = {
						CreatedOnToolsVersion = 15.3;
						TestTargetID = 8470BCAF2C6D2B7D0042609A;
					};
					8470BCCF2C6D2B7F0042609A = {
						CreatedOnToolsVersion = 15.3;
						TestTargetID = 8470BCAF2C6D2B7D0042609A;
					};
				};
			};
			buildConfigurationList = 8470BCAB2C6D2B7D0042609A /* Build configuration list for PBXProject "PickleRick" */;
			compatibilityVersion = "Xcode 14.0";
			developmentRegion = en;
			hasScannedForEncodings = 0;
			knownRegions = (
				en,
				Base,
			);
			mainGroup = 8470BCA72C6D2B7D0042609A;
			packageReferences = (
				8470BCE62C6D33450042609A /* XCRemoteSwiftPackageReference "Alamofire" */,
			);
			productRefGroup = 8470BCB12C6D2B7D0042609A /* Products */;
			projectDirPath = "";
			projectRoot = "";
			targets = (
				8470BCAF2C6D2B7D0042609A /* PickleRick */,
				8470BCC52C6D2B7F0042609A /* PickleRickTests */,
				8470BCCF2C6D2B7F0042609A /* PickleRickUITests */,
			);
		};
/* End PBXProject section */

/* Begin PBXResourcesBuildPhase section */
		8470BCAE2C6D2B7D0042609A /* Resources */ = {
			isa = PBXResourcesBuildPhase;
			buildActionMask = 2147483647;
			files = (
				8470BCBD2C6D2B7F0042609A /* Assets.xcassets in Resources */,
				8470BCC02C6D2B7F0042609A /* Base in Resources */,
				8470BCBB2C6D2B7E0042609A /* Base in Resources */,
			);
			runOnlyForDeploymentPostprocessing = 0;
		};
		8470BCC42C6D2B7F0042609A /* Resources */ = {
			isa = PBXResourcesBuildPhase;
			buildActionMask = 2147483647;
			files = (
			);
			runOnlyForDeploymentPostprocessing = 0;
		};
		8470BCCE2C6D2B7F0042609A /* Resources */ = {
			isa = PBXResourcesBuildPhase;
			buildActionMask = 2147483647;
			files = (
			);
			runOnlyForDeploymentPostprocessing = 0;
		};
/* End PBXResourcesBuildPhase section */

/* Begin PBXSourcesBuildPhase section */
		8470BCAC2C6D2B7D0042609A /* Sources */ = {
			isa = PBXSourcesBuildPhase;
			buildActionMask = 2147483647;
			files = (
				84872D352C6E18640064DAC1 /* RMCharactersApiRouter.swift in Sources */,
				84AF0E1C2C6DE56E002EC111 /* RMCharactersServices.swift in Sources */,
				8470BCF82C6D37570042609A /* ApiClient.swift in Sources */,
				8470BCF52C6D37570042609A /* ApiConstants.swift in Sources */,
				8470BCFB2C6D4C240042609A /* Bindable.swift in Sources */,
				843D70222C6EAD0300740E7D /* DictionaryExtension.swift in Sources */,
				8470BCF42C6D37570042609A /* ApiRouterContract.swift in Sources */,
				84872D382C6E42690064DAC1 /* RMCharacterDataMapper.swift in Sources */,
				84AF0E192C6DE2B5002EC111 /* RMCharactersServicesContract.swift in Sources */,
				8470BCB82C6D2B7E0042609A /* ViewController.swift in Sources */,
				843D70262C6EBA8400740E7D /* RMCharactersServicesProvider.swift in Sources */,
				8470BCF72C6D37570042609A /* ApiStatusCode.swift in Sources */,
				84AF0E142C6DDEDC002EC111 /* RMCharacter.swift in Sources */,
				8470BCF62C6D37570042609A /* ApiException.swift in Sources */,
				8470BCB42C6D2B7D0042609A /* AppDelegate.swift in Sources */,
			);
			runOnlyForDeploymentPostprocessing = 0;
		};
		8470BCC22C6D2B7F0042609A /* Sources */ = {
			isa = PBXSourcesBuildPhase;
			buildActionMask = 2147483647;
			files = (
				8470BCCB2C6D2B7F0042609A /* PickleRickTests.swift in Sources */,
			);
			runOnlyForDeploymentPostprocessing = 0;
		};
		8470BCCC2C6D2B7F0042609A /* Sources */ = {
			isa = PBXSourcesBuildPhase;
			buildActionMask = 2147483647;
			files = (
				8470BCD52C6D2B7F0042609A /* PickleRickUITests.swift in Sources */,
				8470BCD72C6D2B7F0042609A /* PickleRickUITestsLaunchTests.swift in Sources */,
			);
			runOnlyForDeploymentPostprocessing = 0;
		};
/* End PBXSourcesBuildPhase section */

/* Begin PBXTargetDependency section */
		8470BCC82C6D2B7F0042609A /* PBXTargetDependency */ = {
			isa = PBXTargetDependency;
			target = 8470BCAF2C6D2B7D0042609A /* PickleRick */;
			targetProxy = 8470BCC72C6D2B7F0042609A /* PBXContainerItemProxy */;
		};
		8470BCD22C6D2B7F0042609A /* PBXTargetDependency */ = {
			isa = PBXTargetDependency;
			target = 8470BCAF2C6D2B7D0042609A /* PickleRick */;
			targetProxy = 8470BCD12C6D2B7F0042609A /* PBXContainerItemProxy */;
		};
/* End PBXTargetDependency section */

/* Begin PBXVariantGroup section */
		8470BCB92C6D2B7E0042609A /* Main.storyboard */ = {
			isa = PBXVariantGroup;
			children = (
				8470BCBA2C6D2B7E0042609A /* Base */,
			);
			name = Main.storyboard;
			sourceTree = "<group>";
		};
		8470BCBE2C6D2B7F0042609A /* LaunchScreen.storyboard */ = {
			isa = PBXVariantGroup;
			children = (
				8470BCBF2C6D2B7F0042609A /* Base */,
			);
			name = LaunchScreen.storyboard;
			sourceTree = "<group>";
		};
/* End PBXVariantGroup section */

/* Begin XCBuildConfiguration section */
		8470BCD82C6D2B7F0042609A /* Debug */ = {
			isa = XCBuildConfiguration;
			buildSettings = {
				ALWAYS_SEARCH_USER_PATHS = NO;
				ASSETCATALOG_COMPILER_GENERATE_SWIFT_ASSET_SYMBOL_EXTENSIONS = YES;
				CLANG_ANALYZER_NONNULL = YES;
				CLANG_ANALYZER_NUMBER_OBJECT_CONVERSION = YES_AGGRESSIVE;
				CLANG_CXX_LANGUAGE_STANDARD = "gnu++20";
				CLANG_ENABLE_MODULES = YES;
				CLANG_ENABLE_OBJC_ARC = YES;
				CLANG_ENABLE_OBJC_WEAK = YES;
				CLANG_WARN_BLOCK_CAPTURE_AUTORELEASING = YES;
				CLANG_WARN_BOOL_CONVERSION = YES;
				CLANG_WARN_COMMA = YES;
				CLANG_WARN_CONSTANT_CONVERSION = YES;
				CLANG_WARN_DEPRECATED_OBJC_IMPLEMENTATIONS = YES;
				CLANG_WARN_DIRECT_OBJC_ISA_USAGE = YES_ERROR;
				CLANG_WARN_DOCUMENTATION_COMMENTS = YES;
				CLANG_WARN_EMPTY_BODY = YES;
				CLANG_WARN_ENUM_CONVERSION = YES;
				CLANG_WARN_INFINITE_RECURSION = YES;
				CLANG_WARN_INT_CONVERSION = YES;
				CLANG_WARN_NON_LITERAL_NULL_CONVERSION = YES;
				CLANG_WARN_OBJC_IMPLICIT_RETAIN_SELF = YES;
				CLANG_WARN_OBJC_LITERAL_CONVERSION = YES;
				CLANG_WARN_OBJC_ROOT_CLASS = YES_ERROR;
				CLANG_WARN_QUOTED_INCLUDE_IN_FRAMEWORK_HEADER = YES;
				CLANG_WARN_RANGE_LOOP_ANALYSIS = YES;
				CLANG_WARN_STRICT_PROTOTYPES = YES;
				CLANG_WARN_SUSPICIOUS_MOVE = YES;
				CLANG_WARN_UNGUARDED_AVAILABILITY = YES_AGGRESSIVE;
				CLANG_WARN_UNREACHABLE_CODE = YES;
				CLANG_WARN__DUPLICATE_METHOD_MATCH = YES;
				COPY_PHASE_STRIP = NO;
				DEBUG_INFORMATION_FORMAT = dwarf;
				ENABLE_STRICT_OBJC_MSGSEND = YES;
				ENABLE_TESTABILITY = YES;
				ENABLE_USER_SCRIPT_SANDBOXING = YES;
				GCC_C_LANGUAGE_STANDARD = gnu17;
				GCC_DYNAMIC_NO_PIC = NO;
				GCC_NO_COMMON_BLOCKS = YES;
				GCC_OPTIMIZATION_LEVEL = 0;
				GCC_PREPROCESSOR_DEFINITIONS = (
					"DEBUG=1",
					"$(inherited)",
				);
				GCC_WARN_64_TO_32_BIT_CONVERSION = YES;
				GCC_WARN_ABOUT_RETURN_TYPE = YES_ERROR;
				GCC_WARN_UNDECLARED_SELECTOR = YES;
				GCC_WARN_UNINITIALIZED_AUTOS = YES_AGGRESSIVE;
				GCC_WARN_UNUSED_FUNCTION = YES;
				GCC_WARN_UNUSED_VARIABLE = YES;
				IPHONEOS_DEPLOYMENT_TARGET = 17.4;
				LOCALIZATION_PREFERS_STRING_CATALOGS = YES;
				MTL_ENABLE_DEBUG_INFO = INCLUDE_SOURCE;
				MTL_FAST_MATH = YES;
				ONLY_ACTIVE_ARCH = YES;
				SDKROOT = iphoneos;
				SWIFT_ACTIVE_COMPILATION_CONDITIONS = "DEBUG $(inherited)";
				SWIFT_OPTIMIZATION_LEVEL = "-Onone";
			};
			name = Debug;
		};
		8470BCD92C6D2B7F0042609A /* Release */ = {
			isa = XCBuildConfiguration;
			buildSettings = {
				ALWAYS_SEARCH_USER_PATHS = NO;
				ASSETCATALOG_COMPILER_GENERATE_SWIFT_ASSET_SYMBOL_EXTENSIONS = YES;
				CLANG_ANALYZER_NONNULL = YES;
				CLANG_ANALYZER_NUMBER_OBJECT_CONVERSION = YES_AGGRESSIVE;
				CLANG_CXX_LANGUAGE_STANDARD = "gnu++20";
				CLANG_ENABLE_MODULES = YES;
				CLANG_ENABLE_OBJC_ARC = YES;
				CLANG_ENABLE_OBJC_WEAK = YES;
				CLANG_WARN_BLOCK_CAPTURE_AUTORELEASING = YES;
				CLANG_WARN_BOOL_CONVERSION = YES;
				CLANG_WARN_COMMA = YES;
				CLANG_WARN_CONSTANT_CONVERSION = YES;
				CLANG_WARN_DEPRECATED_OBJC_IMPLEMENTATIONS = YES;
				CLANG_WARN_DIRECT_OBJC_ISA_USAGE = YES_ERROR;
				CLANG_WARN_DOCUMENTATION_COMMENTS = YES;
				CLANG_WARN_EMPTY_BODY = YES;
				CLANG_WARN_ENUM_CONVERSION = YES;
				CLANG_WARN_INFINITE_RECURSION = YES;
				CLANG_WARN_INT_CONVERSION = YES;
				CLANG_WARN_NON_LITERAL_NULL_CONVERSION = YES;
				CLANG_WARN_OBJC_IMPLICIT_RETAIN_SELF = YES;
				CLANG_WARN_OBJC_LITERAL_CONVERSION = YES;
				CLANG_WARN_OBJC_ROOT_CLASS = YES_ERROR;
				CLANG_WARN_QUOTED_INCLUDE_IN_FRAMEWORK_HEADER = YES;
				CLANG_WARN_RANGE_LOOP_ANALYSIS = YES;
				CLANG_WARN_STRICT_PROTOTYPES = YES;
				CLANG_WARN_SUSPICIOUS_MOVE = YES;
				CLANG_WARN_UNGUARDED_AVAILABILITY = YES_AGGRESSIVE;
				CLANG_WARN_UNREACHABLE_CODE = YES;
				CLANG_WARN__DUPLICATE_METHOD_MATCH = YES;
				COPY_PHASE_STRIP = NO;
				DEBUG_INFORMATION_FORMAT = "dwarf-with-dsym";
				ENABLE_NS_ASSERTIONS = NO;
				ENABLE_STRICT_OBJC_MSGSEND = YES;
				ENABLE_USER_SCRIPT_SANDBOXING = YES;
				GCC_C_LANGUAGE_STANDARD = gnu17;
				GCC_NO_COMMON_BLOCKS = YES;
				GCC_WARN_64_TO_32_BIT_CONVERSION = YES;
				GCC_WARN_ABOUT_RETURN_TYPE = YES_ERROR;
				GCC_WARN_UNDECLARED_SELECTOR = YES;
				GCC_WARN_UNINITIALIZED_AUTOS = YES_AGGRESSIVE;
				GCC_WARN_UNUSED_FUNCTION = YES;
				GCC_WARN_UNUSED_VARIABLE = YES;
				IPHONEOS_DEPLOYMENT_TARGET = 17.4;
				LOCALIZATION_PREFERS_STRING_CATALOGS = YES;
				MTL_ENABLE_DEBUG_INFO = NO;
				MTL_FAST_MATH = YES;
				SDKROOT = iphoneos;
				SWIFT_COMPILATION_MODE = wholemodule;
				VALIDATE_PRODUCT = YES;
			};
			name = Release;
		};
		8470BCDB2C6D2B7F0042609A /* Debug */ = {
			isa = XCBuildConfiguration;
			buildSettings = {
				ASSETCATALOG_COMPILER_APPICON_NAME = AppIcon;
				ASSETCATALOG_COMPILER_GLOBAL_ACCENT_COLOR_NAME = AccentColor;
				CODE_SIGN_STYLE = Automatic;
				CURRENT_PROJECT_VERSION = 1;
				GENERATE_INFOPLIST_FILE = YES;
				INFOPLIST_FILE = PickleRick/Main/Info.plist;
				INFOPLIST_KEY_UIApplicationSupportsIndirectInputEvents = YES;
				INFOPLIST_KEY_UILaunchStoryboardName = LaunchScreen;
				INFOPLIST_KEY_UIMainStoryboardFile = Main;
				INFOPLIST_KEY_UISupportedInterfaceOrientations_iPad = "UIInterfaceOrientationPortrait UIInterfaceOrientationPortraitUpsideDown UIInterfaceOrientationLandscapeLeft UIInterfaceOrientationLandscapeRight";
				INFOPLIST_KEY_UISupportedInterfaceOrientations_iPhone = "UIInterfaceOrientationPortrait UIInterfaceOrientationLandscapeLeft UIInterfaceOrientationLandscapeRight";
				LD_RUNPATH_SEARCH_PATHS = (
					"$(inherited)",
					"@executable_path/Frameworks",
				);
				MARKETING_VERSION = 1.0;
				PRODUCT_BUNDLE_IDENTIFIER = com.HelloWorld.PickleRick;
				PRODUCT_NAME = "$(TARGET_NAME)";
				SWIFT_EMIT_LOC_STRINGS = YES;
				SWIFT_VERSION = 5.0;
				TARGETED_DEVICE_FAMILY = "1,2";
			};
			name = Debug;
		};
		8470BCDC2C6D2B7F0042609A /* Release */ = {
			isa = XCBuildConfiguration;
			buildSettings = {
				ASSETCATALOG_COMPILER_APPICON_NAME = AppIcon;
				ASSETCATALOG_COMPILER_GLOBAL_ACCENT_COLOR_NAME = AccentColor;
				CODE_SIGN_STYLE = Automatic;
				CURRENT_PROJECT_VERSION = 1;
				GENERATE_INFOPLIST_FILE = YES;
				INFOPLIST_FILE = PickleRick/Main/Info.plist;
				INFOPLIST_KEY_UIApplicationSupportsIndirectInputEvents = YES;
				INFOPLIST_KEY_UILaunchStoryboardName = LaunchScreen;
				INFOPLIST_KEY_UIMainStoryboardFile = Main;
				INFOPLIST_KEY_UISupportedInterfaceOrientations_iPad = "UIInterfaceOrientationPortrait UIInterfaceOrientationPortraitUpsideDown UIInterfaceOrientationLandscapeLeft UIInterfaceOrientationLandscapeRight";
				INFOPLIST_KEY_UISupportedInterfaceOrientations_iPhone = "UIInterfaceOrientationPortrait UIInterfaceOrientationLandscapeLeft UIInterfaceOrientationLandscapeRight";
				LD_RUNPATH_SEARCH_PATHS = (
					"$(inherited)",
					"@executable_path/Frameworks",
				);
				MARKETING_VERSION = 1.0;
				PRODUCT_BUNDLE_IDENTIFIER = com.HelloWorld.PickleRick;
				PRODUCT_NAME = "$(TARGET_NAME)";
				SWIFT_EMIT_LOC_STRINGS = YES;
				SWIFT_VERSION = 5.0;
				TARGETED_DEVICE_FAMILY = "1,2";
			};
			name = Release;
		};
		8470BCDE2C6D2B7F0042609A /* Debug */ = {
			isa = XCBuildConfiguration;
			buildSettings = {
				ALWAYS_EMBED_SWIFT_STANDARD_LIBRARIES = YES;
				BUNDLE_LOADER = "$(TEST_HOST)";
				CODE_SIGN_STYLE = Automatic;
				CURRENT_PROJECT_VERSION = 1;
				GENERATE_INFOPLIST_FILE = YES;
				IPHONEOS_DEPLOYMENT_TARGET = 17.4;
				MARKETING_VERSION = 1.0;
				PRODUCT_BUNDLE_IDENTIFIER = com.HelloWorld.PickleRickTests;
				PRODUCT_NAME = "$(TARGET_NAME)";
				SWIFT_EMIT_LOC_STRINGS = NO;
				SWIFT_VERSION = 5.0;
				TARGETED_DEVICE_FAMILY = "1,2";
				TEST_HOST = "$(BUILT_PRODUCTS_DIR)/PickleRick.app/$(BUNDLE_EXECUTABLE_FOLDER_PATH)/PickleRick";
			};
			name = Debug;
		};
		8470BCDF2C6D2B7F0042609A /* Release */ = {
			isa = XCBuildConfiguration;
			buildSettings = {
				ALWAYS_EMBED_SWIFT_STANDARD_LIBRARIES = YES;
				BUNDLE_LOADER = "$(TEST_HOST)";
				CODE_SIGN_STYLE = Automatic;
				CURRENT_PROJECT_VERSION = 1;
				GENERATE_INFOPLIST_FILE = YES;
				IPHONEOS_DEPLOYMENT_TARGET = 17.4;
				MARKETING_VERSION = 1.0;
				PRODUCT_BUNDLE_IDENTIFIER = com.HelloWorld.PickleRickTests;
				PRODUCT_NAME = "$(TARGET_NAME)";
				SWIFT_EMIT_LOC_STRINGS = NO;
				SWIFT_VERSION = 5.0;
				TARGETED_DEVICE_FAMILY = "1,2";
				TEST_HOST = "$(BUILT_PRODUCTS_DIR)/PickleRick.app/$(BUNDLE_EXECUTABLE_FOLDER_PATH)/PickleRick";
			};
			name = Release;
		};
		8470BCE12C6D2B7F0042609A /* Debug */ = {
			isa = XCBuildConfiguration;
			buildSettings = {
				ALWAYS_EMBED_SWIFT_STANDARD_LIBRARIES = YES;
				CODE_SIGN_STYLE = Automatic;
				CURRENT_PROJECT_VERSION = 1;
				GENERATE_INFOPLIST_FILE = YES;
				MARKETING_VERSION = 1.0;
				PRODUCT_BUNDLE_IDENTIFIER = com.HelloWorld.PickleRickUITests;
				PRODUCT_NAME = "$(TARGET_NAME)";
				SWIFT_EMIT_LOC_STRINGS = NO;
				SWIFT_VERSION = 5.0;
				TARGETED_DEVICE_FAMILY = "1,2";
				TEST_TARGET_NAME = PickleRick;
			};
			name = Debug;
		};
		8470BCE22C6D2B7F0042609A /* Release */ = {
			isa = XCBuildConfiguration;
			buildSettings = {
				ALWAYS_EMBED_SWIFT_STANDARD_LIBRARIES = YES;
				CODE_SIGN_STYLE = Automatic;
				CURRENT_PROJECT_VERSION = 1;
				GENERATE_INFOPLIST_FILE = YES;
				MARKETING_VERSION = 1.0;
				PRODUCT_BUNDLE_IDENTIFIER = com.HelloWorld.PickleRickUITests;
				PRODUCT_NAME = "$(TARGET_NAME)";
				SWIFT_EMIT_LOC_STRINGS = NO;
				SWIFT_VERSION = 5.0;
				TARGETED_DEVICE_FAMILY = "1,2";
				TEST_TARGET_NAME = PickleRick;
			};
			name = Release;
		};
/* End XCBuildConfiguration section */

/* Begin XCConfigurationList section */
		8470BCAB2C6D2B7D0042609A /* Build configuration list for PBXProject "PickleRick" */ = {
			isa = XCConfigurationList;
			buildConfigurations = (
				8470BCD82C6D2B7F0042609A /* Debug */,
				8470BCD92C6D2B7F0042609A /* Release */,
			);
			defaultConfigurationIsVisible = 0;
			defaultConfigurationName = Release;
		};
		8470BCDA2C6D2B7F0042609A /* Build configuration list for PBXNativeTarget "PickleRick" */ = {
			isa = XCConfigurationList;
			buildConfigurations = (
				8470BCDB2C6D2B7F0042609A /* Debug */,
				8470BCDC2C6D2B7F0042609A /* Release */,
			);
			defaultConfigurationIsVisible = 0;
			defaultConfigurationName = Release;
		};
		8470BCDD2C6D2B7F0042609A /* Build configuration list for PBXNativeTarget "PickleRickTests" */ = {
			isa = XCConfigurationList;
			buildConfigurations = (
				8470BCDE2C6D2B7F0042609A /* Debug */,
				8470BCDF2C6D2B7F0042609A /* Release */,
			);
			defaultConfigurationIsVisible = 0;
			defaultConfigurationName = Release;
		};
		8470BCE02C6D2B7F0042609A /* Build configuration list for PBXNativeTarget "PickleRickUITests" */ = {
			isa = XCConfigurationList;
			buildConfigurations = (
				8470BCE12C6D2B7F0042609A /* Debug */,
				8470BCE22C6D2B7F0042609A /* Release */,
			);
			defaultConfigurationIsVisible = 0;
			defaultConfigurationName = Release;
		};
/* End XCConfigurationList section */

/* Begin XCRemoteSwiftPackageReference section */
		8470BCE62C6D33450042609A /* XCRemoteSwiftPackageReference "Alamofire" */ = {
			isa = XCRemoteSwiftPackageReference;
			repositoryURL = "https://github.com/Alamofire/Alamofire.git";
			requirement = {
				kind = upToNextMajorVersion;
				minimumVersion = 5.9.1;
			};
		};
/* End XCRemoteSwiftPackageReference section */

/* Begin XCSwiftPackageProductDependency section */
		8470BCE72C6D33450042609A /* Alamofire */ = {
			isa = XCSwiftPackageProductDependency;
			package = 8470BCE62C6D33450042609A /* XCRemoteSwiftPackageReference "Alamofire" */;
			productName = Alamofire;
		};
		8470BCE92C6D33450042609A /* AlamofireDynamic */ = {
			isa = XCSwiftPackageProductDependency;
			package = 8470BCE62C6D33450042609A /* XCRemoteSwiftPackageReference "Alamofire" */;
			productName = AlamofireDynamic;
		};
/* End XCSwiftPackageProductDependency section */
	};
	rootObject = 8470BCA82C6D2B7D0042609A /* Project object */;
}
